
Microsoft Visual Studio Solution File, Format Version 12.00
# Visual Studio Version 16
VisualStudioVersion = 16.0.31205.134
MinimumVisualStudioVersion = 10.0.40219.1
Project("{FAE04EC0-301F-11D3-BF4B-00C04F79EFBC}") = "FilmateApp.Android", "FilmateApp.Android\FilmateApp.Android.csproj", "{476BBFF7-BF14-4489-94B0-FF884E0635D5}"
EndProject
Project("{FAE04EC0-301F-11D3-BF4B-00C04F79EFBC}") = "FilmateApp.iOS", "FilmateApp.iOS\FilmateApp.iOS.csproj", "{426EDB02-8A42-4905-A691-2A6AA6EF8AAA}"
EndProject
Project("{9A19103F-16F7-4668-BE54-9A1E7A4F7556}") = "FilmateApp", "FilmateApp\FilmateApp.csproj", "{9A490591-ECBD-40C6-A809-3C7F0FE19465}"
EndProject
Global
	GlobalSection(SolutionConfigurationPlatforms) = preSolution
		Debug|Any CPU = Debug|Any CPU
		Debug|iPhone = Debug|iPhone
		Debug|iPhoneSimulator = Debug|iPhoneSimulator
		Release|Any CPU = Release|Any CPU
		Release|iPhone = Release|iPhone
		Release|iPhoneSimulator = Release|iPhoneSimulator
	EndGlobalSection
	GlobalSection(ProjectConfigurationPlatforms) = postSolution
		{476BBFF7-BF14-4489-94B0-FF884E0635D5}.Debug|Any CPU.ActiveCfg = Debug|Any CPU
		{476BBFF7-BF14-4489-94B0-FF884E0635D5}.Debug|Any CPU.Build.0 = Debug|Any CPU
		{476BBFF7-BF14-4489-94B0-FF884E0635D5}.Debug|Any CPU.Deploy.0 = Debug|Any CPU
		{476BBFF7-BF14-4489-94B0-FF884E0635D5}.Debug|iPhone.ActiveCfg = Debug|Any CPU
		{476BBFF7-BF14-4489-94B0-FF884E0635D5}.Debug|iPhone.Build.0 = Debug|Any CPU
		{476BBFF7-BF14-4489-94B0-FF884E0635D5}.Debug|iPhone.Deploy.0 = Debug|Any CPU
		{476BBFF7-BF14-4489-94B0-FF884E0635D5}.Debug|iPhoneSimulator.ActiveCfg = Debug|Any CPU
		{476BBFF7-BF14-4489-94B0-FF884E0635D5}.Debug|iPhoneSimulator.Build.0 = Debug|Any CPU
		{476BBFF7-BF14-4489-94B0-FF884E0635D5}.Debug|iPhoneSimulator.Deploy.0 = Debug|Any CPU
		{476BBFF7-BF14-4489-94B0-FF884E0635D5}.Release|Any CPU.ActiveCfg = Release|Any CPU
		{476BBFF7-BF14-4489-94B0-FF884E0635D5}.Release|Any CPU.Build.0 = Release|Any CPU
		{476BBFF7-BF14-4489-94B0-FF884E0635D5}.Release|Any CPU.Deploy.0 = Release|Any CPU
		{476BBFF7-BF14-4489-94B0-FF884E0635D5}.Release|iPhone.ActiveCfg = Release|Any CPU
		{476BBFF7-BF14-4489-94B0-FF884E0635D5}.Release|iPhone.Build.0 = Release|Any CPU
		{476BBFF7-BF14-4489-94B0-FF884E0635D5}.Release|iPhone.Deploy.0 = Release|Any CPU
		{476BBFF7-BF14-4489-94B0-FF884E0635D5}.Release|iPhoneSimulator.ActiveCfg = Release|Any CPU
		{476BBFF7-BF14-4489-94B0-FF884E0635D5}.Release|iPhoneSimulator.Build.0 = Release|Any CPU
		{476BBFF7-BF14-4489-94B0-FF884E0635D5}.Release|iPhoneSimulator.Deploy.0 = Release|Any CPU
		{426EDB02-8A42-4905-A691-2A6AA6EF8AAA}.Debug|Any CPU.ActiveCfg = Debug|iPhone
		{426EDB02-8A42-4905-A691-2A6AA6EF8AAA}.Debug|Any CPU.Build.0 = Debug|iPhone
		{426EDB02-8A42-4905-A691-2A6AA6EF8AAA}.Debug|Any CPU.Deploy.0 = Debug|iPhone
		{426EDB02-8A42-4905-A691-2A6AA6EF8AAA}.Debug|iPhone.ActiveCfg = Debug|iPhone
		{426EDB02-8A42-4905-A691-2A6AA6EF8AAA}.Debug|iPhone.Build.0 = Debug|iPhone
		{426EDB02-8A42-4905-A691-2A6AA6EF8AAA}.Debug|iPhone.Deploy.0 = Debug|iPhone
		{426EDB02-8A42-4905-A691-2A6AA6EF8AAA}.Debug|iPhoneSimulator.ActiveCfg = Debug|iPhoneSimulator
		{426EDB02-8A42-4905-A691-2A6AA6EF8AAA}.Debug|iPhoneSimulator.Build.0 = Debug|iPhoneSimulator
		{426EDB02-8A42-4905-A691-2A6AA6EF8AAA}.Debug|iPhoneSimulator.Deploy.0 = Debug|iPhoneSimulator
		{426EDB02-8A42-4905-A691-2A6AA6EF8AAA}.Release|Any CPU.ActiveCfg = Release|iPhoneSimulator
		{426EDB02-8A42-4905-A691-2A6AA6EF8AAA}.Release|Any CPU.Build.0 = Release|iPhoneSimulator
		{426EDB02-8A42-4905-A691-2A6AA6EF8AAA}.Release|Any CPU.Deploy.0 = Release|iPhoneSimulator
		{426EDB02-8A42-4905-A691-2A6AA6EF8AAA}.Release|iPhone.ActiveCfg = Release|iPhone
		{426EDB02-8A42-4905-A691-2A6AA6EF8AAA}.Release|iPhone.Build.0 = Release|iPhone
		{426EDB02-8A42-4905-A691-2A6AA6EF8AAA}.Release|iPhone.Deploy.0 = Release|iPhone
		{426EDB02-8A42-4905-A691-2A6AA6EF8AAA}.Release|iPhoneSimulator.ActiveCfg = Release|iPhoneSimulator
		{426EDB02-8A42-4905-A691-2A6AA6EF8AAA}.Release|iPhoneSimulator.Build.0 = Release|iPhoneSimulator
		{426EDB02-8A42-4905-A691-2A6AA6EF8AAA}.Release|iPhoneSimulator.Deploy.0 = Release|iPhoneSimulator
		{9A490591-ECBD-40C6-A809-3C7F0FE19465}.Debug|Any CPU.ActiveCfg = Debug|Any CPU
		{9A490591-ECBD-40C6-A809-3C7F0FE19465}.Debug|Any CPU.Build.0 = Debug|Any CPU
		{9A490591-ECBD-40C6-A809-3C7F0FE19465}.Debug|Any CPU.Deploy.0 = Debug|Any CPU
		{9A490591-ECBD-40C6-A809-3C7F0FE19465}.Debug|iPhone.ActiveCfg = Debug|Any CPU
		{9A490591-ECBD-40C6-A809-3C7F0FE19465}.Debug|iPhone.Build.0 = Debug|Any CPU
		{9A490591-ECBD-40C6-A809-3C7F0FE19465}.Debug|iPhone.Deploy.0 = Debug|Any CPU
		{9A490591-ECBD-40C6-A809-3C7F0FE19465}.Debug|iPhoneSimulator.ActiveCfg = Debug|Any CPU
		{9A490591-ECBD-40C6-A809-3C7F0FE19465}.Debug|iPhoneSimulator.Build.0 = Debug|Any CPU
		{9A490591-ECBD-40C6-A809-3C7F0FE19465}.Debug|iPhoneSimulator.Deploy.0 = Debug|Any CPU
		{9A490591-ECBD-40C6-A809-3C7F0FE19465}.Release|Any CPU.ActiveCfg = Release|Any CPU
		{9A490591-ECBD-40C6-A809-3C7F0FE19465}.Release|Any CPU.Build.0 = Release|Any CPU
		{9A490591-ECBD-40C6-A809-3C7F0FE19465}.Release|Any CPU.Deploy.0 = Release|Any CPU
		{9A490591-ECBD-40C6-A809-3C7F0FE19465}.Release|iPhone.ActiveCfg = Release|Any CPU
		{9A490591-ECBD-40C6-A809-3C7F0FE19465}.Release|iPhone.Build.0 = Release|Any CPU
		{9A490591-ECBD-40C6-A809-3C7F0FE19465}.Release|iPhone.Deploy.0 = Release|Any CPU
		{9A490591-ECBD-40C6-A809-3C7F0FE19465}.Release|iPhoneSimulator.ActiveCfg = Release|Any CPU
		{9A490591-ECBD-40C6-A809-3C7F0FE19465}.Release|iPhoneSimulator.Build.0 = Release|Any CPU
		{9A490591-ECBD-40C6-A809-3C7F0FE19465}.Release|iPhoneSimulator.Deploy.0 = Release|Any CPU
	EndGlobalSection
	GlobalSection(SolutionProperties) = preSolution
		HideSolutionNode = FALSE
	EndGlobalSection
	GlobalSection(ExtensibilityGlobals) = postSolution
		SolutionGuid = {E5920B4A-48D2-4985-A2AF-4CF5DBD3DE39}
	EndGlobalSection
EndGlobal
